Microsoft Visual Studio Solution File, Format Version 12.00
# Visual Studio 14
VisualStudioVersion = 14.0.25123.0
MinimumVisualStudioVersion = 10.0.40219.1
Project("{FAE04EC0-301F-11D3-BF4B-00C04F79EFBC}") = "WampSharp", "WampSharp\WampSharp.csproj", "{653A76DC-00D7-4EFF-A25E-2FA10C5C927D}"
EndProject
Project("{2150E333-8FDC-42A3-9474-1A3956D46DE8}") = "Tests", "Tests", "{D07452C1-0C0A-45C3-8A1B-33BD8FF93C5E}"
EndProject
Project("{FAE04EC0-301F-11D3-BF4B-00C04F79EFBC}") = "WampSharp.Tests.Wampv2", "Tests\WampSharp.Tests.Wampv2\WampSharp.Tests.Wampv2.csproj", "{710B61C1-E7E0-4D8F-BF39-F82086D610ED}"
EndProject
Project("{FAE04EC0-301F-11D3-BF4B-00C04F79EFBC}") = "WampSharp.Tests.TestHelpers", "Tests\WampSharp.Tests.TestHelpers\WampSharp.Tests.TestHelpers.csproj", "{78AB08FB-F75D-4F93-A25F-164BF90DD408}"
EndProject
Project("{2150E333-8FDC-42A3-9474-1A3956D46DE8}") = "Default", "Default", "{B0203648-89A2-4875-AD9C-F5485AD3E96F}"
EndProject
Project("{FAE04EC0-301F-11D3-BF4B-00C04F79EFBC}") = "WampSharp.NewtonsoftJson", "Default\WampSharp.NewtonsoftJson\WampSharp.NewtonsoftJson.csproj", "{2DBD5996-521B-4BD2-9ECF-35C5B9BC1A59}"
EndProject
Project("{FAE04EC0-301F-11D3-BF4B-00C04F79EFBC}") = "WampSharp.Default.Client", "WampSharp.Default.Client\WampSharp.Default.Client.csproj", "{A86753C0-0D7E-442C-A507-CDE7E95BC1DB}"
EndProject
Project("{FAE04EC0-301F-11D3-BF4B-00C04F79EFBC}") = "WampSharp.WebsocketsPcl", "Default\WampSharp.WebsocketsPcl\WampSharp.WebsocketsPcl.csproj", "{E8078278-E1F6-4F54-97C4-26B883995ACF}"
EndProject
Project("{FAE04EC0-301F-11D3-BF4B-00C04F79EFBC}") = "App1", "App1\App1.csproj", "{97E403FE-636D-4777-9036-DDEBE953671B}"
EndProject
Project("{FAE04EC0-301F-11D3-BF4B-00C04F79EFBC}") = "App2", "App2\App2.csproj", "{4E50B3A0-8F57-4359-A575-759EEDE3E3E1}"
EndProject
Project("{FAE04EC0-301F-11D3-BF4B-00C04F79EFBC}") = "App3", "App3\App3.csproj", "{D2C3B865-1EEC-4A44-B085-D63B83C5708F}"
EndProject
Project("{FAE04EC0-301F-11D3-BF4B-00C04F79EFBC}") = "ConsoleApplication1", "ConsoleApplication1\ConsoleApplication1.csproj", "{FAC0CB4B-410B-4E78-AB36-5B3CBDEDC9D7}"
EndProject
Global
	GlobalSection(SolutionConfigurationPlatforms) = preSolution
		Ad-Hoc|Any CPU = Ad-Hoc|Any CPU
		Ad-Hoc|ARM = Ad-Hoc|ARM
		Ad-Hoc|iPhone = Ad-Hoc|iPhone
		Ad-Hoc|iPhoneSimulator = Ad-Hoc|iPhoneSimulator
		Ad-Hoc|x64 = Ad-Hoc|x64
		Ad-Hoc|x86 = Ad-Hoc|x86
		AppStore|Any CPU = AppStore|Any CPU
		AppStore|ARM = AppStore|ARM
		AppStore|iPhone = AppStore|iPhone
		AppStore|iPhoneSimulator = AppStore|iPhoneSimulator
		AppStore|x64 = AppStore|x64
		AppStore|x86 = AppStore|x86
		Debug|Any CPU = Debug|Any CPU
		Debug|ARM = Debug|ARM
		Debug|iPhone = Debug|iPhone
		Debug|iPhoneSimulator = Debug|iPhoneSimulator
		Debug|x64 = Debug|x64
		Debug|x86 = Debug|x86
		Release|Any CPU = Release|Any CPU
		Release|ARM = Release|ARM
		Release|iPhone = Release|iPhone
		Release|iPhoneSimulator = Release|iPhoneSimulator
		Release|x64 = Release|x64
		Release|x86 = Release|x86
	EndGlobalSection
	GlobalSection(ProjectConfigurationPlatforms) = postSolution
		{653A76DC-00D7-4EFF-A25E-2FA10C5C927D}.Ad-Hoc|Any CPU.ActiveCfg = Release|Any CPU
		{653A76DC-00D7-4EFF-A25E-2FA10C5C927D}.Ad-Hoc|Any CPU.Build.0 = Release|Any CPU
		{653A76DC-00D7-4EFF-A25E-2FA10C5C927D}.Ad-Hoc|ARM.ActiveCfg = Release|Any CPU
		{653A76DC-00D7-4EFF-A25E-2FA10C5C927D}.Ad-Hoc|ARM.Build.0 = Release|Any CPU
		{653A76DC-00D7-4EFF-A25E-2FA10C5C927D}.Ad-Hoc|iPhone.ActiveCfg = Release|Any CPU
		{653A76DC-00D7-4EFF-A25E-2FA10C5C927D}.Ad-Hoc|iPhone.Build.0 = Release|Any CPU
		{653A76DC-00D7-4EFF-A25E-2FA10C5C927D}.Ad-Hoc|iPhoneSimulator.ActiveCfg = Release|Any CPU
		{653A76DC-00D7-4EFF-A25E-2FA10C5C927D}.Ad-Hoc|iPhoneSimulator.Build.0 = Release|Any CPU
		{653A76DC-00D7-4EFF-A25E-2FA10C5C927D}.Ad-Hoc|x64.ActiveCfg = Release|Any CPU
		{653A76DC-00D7-4EFF-A25E-2FA10C5C927D}.Ad-Hoc|x64.Build.0 = Release|Any CPU
		{653A76DC-00D7-4EFF-A25E-2FA10C5C927D}.Ad-Hoc|x86.ActiveCfg = Release|Any CPU
		{653A76DC-00D7-4EFF-A25E-2FA10C5C927D}.Ad-Hoc|x86.Build.0 = Release|Any CPU
		{653A76DC-00D7-4EFF-A25E-2FA10C5C927D}.AppStore|Any CPU.ActiveCfg = Release|Any CPU
		{653A76DC-00D7-4EFF-A25E-2FA10C5C927D}.AppStore|Any CPU.Build.0 = Release|Any CPU
		{653A76DC-00D7-4EFF-A25E-2FA10C5C927D}.AppStore|ARM.ActiveCfg = Release|Any CPU
		{653A76DC-00D7-4EFF-A25E-2FA10C5C927D}.AppStore|ARM.Build.0 = Release|Any CPU
		{653A76DC-00D7-4EFF-A25E-2FA10C5C927D}.AppStore|iPhone.ActiveCfg = Release|Any CPU
		{653A76DC-00D7-4EFF-A25E-2FA10C5C927D}.AppStore|iPhone.Build.0 = Release|Any CPU
		{653A76DC-00D7-4EFF-A25E-2FA10C5C927D}.AppStore|iPhoneSimulator.ActiveCfg = Release|Any CPU
		{653A76DC-00D7-4EFF-A25E-2FA10C5C927D}.AppStore|iPhoneSimulator.Build.0 = Release|Any CPU
		{653A76DC-00D7-4EFF-A25E-2FA10C5C927D}.AppStore|x64.ActiveCfg = Release|Any CPU
		{653A76DC-00D7-4EFF-A25E-2FA10C5C927D}.AppStore|x64.Build.0 = Release|Any CPU
		{653A76DC-00D7-4EFF-A25E-2FA10C5C927D}.AppStore|x86.ActiveCfg = Release|Any CPU
		{653A76DC-00D7-4EFF-A25E-2FA10C5C927D}.AppStore|x86.Build.0 = Release|Any CPU
		{653A76DC-00D7-4EFF-A25E-2FA10C5C927D}.Debug|Any CPU.ActiveCfg = Debug|Any CPU
		{653A76DC-00D7-4EFF-A25E-2FA10C5C927D}.Debug|Any CPU.Build.0 = Debug|Any CPU
		{653A76DC-00D7-4EFF-A25E-2FA10C5C927D}.Debug|ARM.ActiveCfg = Debug|Any CPU
		{653A76DC-00D7-4EFF-A25E-2FA10C5C927D}.Debug|iPhone.ActiveCfg = Debug|Any CPU
		{653A76DC-00D7-4EFF-A25E-2FA10C5C927D}.Debug|iPhone.Build.0 = Debug|Any CPU
		{653A76DC-00D7-4EFF-A25E-2FA10C5C927D}.Debug|iPhoneSimulator.ActiveCfg = Debug|Any CPU
		{653A76DC-00D7-4EFF-A25E-2FA10C5C927D}.Debug|iPhoneSimulator.Build.0 = Debug|Any CPU
		{653A76DC-00D7-4EFF-A25E-2FA10C5C927D}.Debug|x64.ActiveCfg = Debug|Any CPU
		{653A76DC-00D7-4EFF-A25E-2FA10C5C927D}.Debug|x86.ActiveCfg = Debug|Any CPU
		{653A76DC-00D7-4EFF-A25E-2FA10C5C927D}.Release|Any CPU.ActiveCfg = Release|Any CPU
		{653A76DC-00D7-4EFF-A25E-2FA10C5C927D}.Release|Any CPU.Build.0 = Release|Any CPU
		{653A76DC-00D7-4EFF-A25E-2FA10C5C927D}.Release|ARM.ActiveCfg = Release|Any CPU
		{653A76DC-00D7-4EFF-A25E-2FA10C5C927D}.Release|iPhone.ActiveCfg = Release|Any CPU
		{653A76DC-00D7-4EFF-A25E-2FA10C5C927D}.Release|iPhone.Build.0 = Release|Any CPU
		{653A76DC-00D7-4EFF-A25E-2FA10C5C927D}.Release|iPhoneSimulator.ActiveCfg = Release|Any CPU
		{653A76DC-00D7-4EFF-A25E-2FA10C5C927D}.Release|iPhoneSimulator.Build.0 = Release|Any CPU
		{653A76DC-00D7-4EFF-A25E-2FA10C5C927D}.Release|x64.ActiveCfg = Release|Any CPU
		{653A76DC-00D7-4EFF-A25E-2FA10C5C927D}.Release|x86.ActiveCfg = Release|Any CPU
		{710B61C1-E7E0-4D8F-BF39-F82086D610ED}.Ad-Hoc|Any CPU.ActiveCfg = Release|Any CPU
		{710B61C1-E7E0-4D8F-BF39-F82086D610ED}.Ad-Hoc|Any CPU.Build.0 = Release|Any CPU
		{710B61C1-E7E0-4D8F-BF39-F82086D610ED}.Ad-Hoc|ARM.ActiveCfg = Release|Any CPU
		{710B61C1-E7E0-4D8F-BF39-F82086D610ED}.Ad-Hoc|ARM.Build.0 = Release|Any CPU
		{710B61C1-E7E0-4D8F-BF39-F82086D610ED}.Ad-Hoc|iPhone.ActiveCfg = Release|Any CPU
		{710B61C1-E7E0-4D8F-BF39-F82086D610ED}.Ad-Hoc|iPhone.Build.0 = Release|Any CPU
		{710B61C1-E7E0-4D8F-BF39-F82086D610ED}.Ad-Hoc|iPhoneSimulator.ActiveCfg = Release|Any CPU
		{710B61C1-E7E0-4D8F-BF39-F82086D610ED}.Ad-Hoc|iPhoneSimulator.Build.0 = Release|Any CPU
		{710B61C1-E7E0-4D8F-BF39-F82086D610ED}.Ad-Hoc|x64.ActiveCfg = Release|Any CPU
		{710B61C1-E7E0-4D8F-BF39-F82086D610ED}.Ad-Hoc|x64.Build.0 = Release|Any CPU
		{710B61C1-E7E0-4D8F-BF39-F82086D610ED}.Ad-Hoc|x86.ActiveCfg = Release|Any CPU
		{710B61C1-E7E0-4D8F-BF39-F82086D610ED}.Ad-Hoc|x86.Build.0 = Release|Any CPU
		{710B61C1-E7E0-4D8F-BF39-F82086D610ED}.AppStore|Any CPU.ActiveCfg = Release|Any CPU
		{710B61C1-E7E0-4D8F-BF39-F82086D610ED}.AppStore|Any CPU.Build.0 = Release|Any CPU
		{710B61C1-E7E0-4D8F-BF39-F82086D610ED}.AppStore|ARM.ActiveCfg = Release|Any CPU
		{710B61C1-E7E0-4D8F-BF39-F82086D610ED}.AppStore|ARM.Build.0 = Release|Any CPU
		{710B61C1-E7E0-4D8F-BF39-F82086D610ED}.AppStore|iPhone.ActiveCfg = Release|Any CPU
		{710B61C1-E7E0-4D8F-BF39-F82086D610ED}.AppStore|iPhone.Build.0 = Release|Any CPU
		{710B61C1-E7E0-4D8F-BF39-F82086D610ED}.AppStore|iPhoneSimulator.ActiveCfg = Release|Any CPU
		{710B61C1-E7E0-4D8F-BF39-F82086D610ED}.AppStore|iPhoneSimulator.Build.0 = Release|Any CPU
		{710B61C1-E7E0-4D8F-BF39-F82086D610ED}.AppStore|x64.ActiveCfg = Release|Any CPU
		{710B61C1-E7E0-4D8F-BF39-F82086D610ED}.AppStore|x64.Build.0 = Release|Any CPU
		{710B61C1-E7E0-4D8F-BF39-F82086D610ED}.AppStore|x86.ActiveCfg = Release|Any CPU
		{710B61C1-E7E0-4D8F-BF39-F82086D610ED}.AppStore|x86.Build.0 = Release|Any CPU
		{710B61C1-E7E0-4D8F-BF39-F82086D610ED}.Debug|Any CPU.ActiveCfg = Debug|Any CPU
		{710B61C1-E7E0-4D8F-BF39-F82086D610ED}.Debug|Any CPU.Build.0 = Debug|Any CPU
		{710B61C1-E7E0-4D8F-BF39-F82086D610ED}.Debug|ARM.ActiveCfg = Debug|Any CPU
		{710B61C1-E7E0-4D8F-BF39-F82086D610ED}.Debug|iPhone.ActiveCfg = Debug|Any CPU
		{710B61C1-E7E0-4D8F-BF39-F82086D610ED}.Debug|iPhone.Build.0 = Debug|Any CPU
		{710B61C1-E7E0-4D8F-BF39-F82086D610ED}.Debug|iPhoneSimulator.ActiveCfg = Debug|Any CPU
		{710B61C1-E7E0-4D8F-BF39-F82086D610ED}.Debug|iPhoneSimulator.Build.0 = Debug|Any CPU
		{710B61C1-E7E0-4D8F-BF39-F82086D610ED}.Debug|x64.ActiveCfg = Debug|Any CPU
		{710B61C1-E7E0-4D8F-BF39-F82086D610ED}.Debug|x86.ActiveCfg = Debug|Any CPU
		{710B61C1-E7E0-4D8F-BF39-F82086D610ED}.Release|Any CPU.ActiveCfg = Release|Any CPU
		{710B61C1-E7E0-4D8F-BF39-F82086D610ED}.Release|Any CPU.Build.0 = Release|Any CPU
		{710B61C1-E7E0-4D8F-BF39-F82086D610ED}.Release|ARM.ActiveCfg = Release|Any CPU
		{710B61C1-E7E0-4D8F-BF39-F82086D610ED}.Release|iPhone.ActiveCfg = Release|Any CPU
		{710B61C1-E7E0-4D8F-BF39-F82086D610ED}.Release|iPhone.Build.0 = Release|Any CPU
		{710B61C1-E7E0-4D8F-BF39-F82086D610ED}.Release|iPhoneSimulator.ActiveCfg = Release|Any CPU
		{710B61C1-E7E0-4D8F-BF39-F82086D610ED}.Release|iPhoneSimulator.Build.0 = Release|Any CPU
		{710B61C1-E7E0-4D8F-BF39-F82086D610ED}.Release|x64.ActiveCfg = Release|Any CPU
		{710B61C1-E7E0-4D8F-BF39-F82086D610ED}.Release|x86.ActiveCfg = Release|Any CPU
		{78AB08FB-F75D-4F93-A25F-164BF90DD408}.Ad-Hoc|Any CPU.ActiveCfg = Release|Any CPU
		{78AB08FB-F75D-4F93-A25F-164BF90DD408}.Ad-Hoc|Any CPU.Build.0 = Release|Any CPU
		{78AB08FB-F75D-4F93-A25F-164BF90DD408}.Ad-Hoc|ARM.ActiveCfg = Release|Any CPU
		{78AB08FB-F75D-4F93-A25F-164BF90DD408}.Ad-Hoc|ARM.Build.0 = Release|Any CPU
		{78AB08FB-F75D-4F93-A25F-164BF90DD408}.Ad-Hoc|iPhone.ActiveCfg = Release|Any CPU
		{78AB08FB-F75D-4F93-A25F-164BF90DD408}.Ad-Hoc|iPhone.Build.0 = Release|Any CPU
		{78AB08FB-F75D-4F93-A25F-164BF90DD408}.Ad-Hoc|iPhoneSimulator.ActiveCfg = Release|Any CPU
		{78AB08FB-F75D-4F93-A25F-164BF90DD408}.Ad-Hoc|iPhoneSimulator.Build.0 = Release|Any CPU
		{78AB08FB-F75D-4F93-A25F-164BF90DD408}.Ad-Hoc|x64.ActiveCfg = Release|Any CPU
		{78AB08FB-F75D-4F93-A25F-164BF90DD408}.Ad-Hoc|x64.Build.0 = Release|Any CPU
		{78AB08FB-F75D-4F93-A25F-164BF90DD408}.Ad-Hoc|x86.ActiveCfg = Release|Any CPU
		{78AB08FB-F75D-4F93-A25F-164BF90DD408}.Ad-Hoc|x86.Build.0 = Release|Any CPU
		{78AB08FB-F75D-4F93-A25F-164BF90DD408}.AppStore|Any CPU.ActiveCfg = Release|Any CPU
		{78AB08FB-F75D-4F93-A25F-164BF90DD408}.AppStore|Any CPU.Build.0 = Release|Any CPU
		{78AB08FB-F75D-4F93-A25F-164BF90DD408}.AppStore|ARM.ActiveCfg = Release|Any CPU
		{78AB08FB-F75D-4F93-A25F-164BF90DD408}.AppStore|ARM.Build.0 = Release|Any CPU
		{78AB08FB-F75D-4F93-A25F-164BF90DD408}.AppStore|iPhone.ActiveCfg = Release|Any CPU
		{78AB08FB-F75D-4F93-A25F-164BF90DD408}.AppStore|iPhone.Build.0 = Release|Any CPU
		{78AB08FB-F75D-4F93-A25F-164BF90DD408}.AppStore|iPhoneSimulator.ActiveCfg = Release|Any CPU
		{78AB08FB-F75D-4F93-A25F-164BF90DD408}.AppStore|iPhoneSimulator.Build.0 = Release|Any CPU
		{78AB08FB-F75D-4F93-A25F-164BF90DD408}.AppStore|x64.ActiveCfg = Release|Any CPU
		{78AB08FB-F75D-4F93-A25F-164BF90DD408}.AppStore|x64.Build.0 = Release|Any CPU
		{78AB08FB-F75D-4F93-A25F-164BF90DD408}.AppStore|x86.ActiveCfg = Release|Any CPU
		{78AB08FB-F75D-4F93-A25F-164BF90DD408}.AppStore|x86.Build.0 = Release|Any CPU
		{78AB08FB-F75D-4F93-A25F-164BF90DD408}.Debug|Any CPU.ActiveCfg = Debug|Any CPU
		{78AB08FB-F75D-4F93-A25F-164BF90DD408}.Debug|Any CPU.Build.0 = Debug|Any CPU
		{78AB08FB-F75D-4F93-A25F-164BF90DD408}.Debug|ARM.ActiveCfg = Debug|Any CPU
		{78AB08FB-F75D-4F93-A25F-164BF90DD408}.Debug|iPhone.ActiveCfg = Debug|Any CPU
		{78AB08FB-F75D-4F93-A25F-164BF90DD408}.Debug|iPhone.Build.0 = Debug|Any CPU
		{78AB08FB-F75D-4F93-A25F-164BF90DD408}.Debug|iPhoneSimulator.ActiveCfg = Debug|Any CPU
		{78AB08FB-F75D-4F93-A25F-164BF90DD408}.Debug|iPhoneSimulator.Build.0 = Debug|Any CPU
		{78AB08FB-F75D-4F93-A25F-164BF90DD408}.Debug|x64.ActiveCfg = Debug|Any CPU
		{78AB08FB-F75D-4F93-A25F-164BF90DD408}.Debug|x86.ActiveCfg = Debug|Any CPU
		{78AB08FB-F75D-4F93-A25F-164BF90DD408}.Release|Any CPU.ActiveCfg = Release|Any CPU
		{78AB08FB-F75D-4F93-A25F-164BF90DD408}.Release|Any CPU.Build.0 = Release|Any CPU
		{78AB08FB-F75D-4F93-A25F-164BF90DD408}.Release|ARM.ActiveCfg = Release|Any CPU
		{78AB08FB-F75D-4F93-A25F-164BF90DD408}.Release|iPhone.ActiveCfg = Release|Any CPU
		{78AB08FB-F75D-4F93-A25F-164BF90DD408}.Release|iPhone.Build.0 = Release|Any CPU
		{78AB08FB-F75D-4F93-A25F-164BF90DD408}.Release|iPhoneSimulator.ActiveCfg = Release|Any CPU
		{78AB08FB-F75D-4F93-A25F-164BF90DD408}.Release|iPhoneSimulator.Build.0 = Release|Any CPU
		{78AB08FB-F75D-4F93-A25F-164BF90DD408}.Release|x64.ActiveCfg = Release|Any CPU
		{78AB08FB-F75D-4F93-A25F-164BF90DD408}.Release|x86.ActiveCfg = Release|Any CPU
		{2DBD5996-521B-4BD2-9ECF-35C5B9BC1A59}.Ad-Hoc|Any CPU.ActiveCfg = Release|Any CPU
		{2DBD5996-521B-4BD2-9ECF-35C5B9BC1A59}.Ad-Hoc|Any CPU.Build.0 = Release|Any CPU
		{2DBD5996-521B-4BD2-9ECF-35C5B9BC1A59}.Ad-Hoc|ARM.ActiveCfg = Release|Any CPU
		{2DBD5996-521B-4BD2-9ECF-35C5B9BC1A59}.Ad-Hoc|ARM.Build.0 = Release|Any CPU
		{2DBD5996-521B-4BD2-9ECF-35C5B9BC1A59}.Ad-Hoc|iPhone.ActiveCfg = Release|Any CPU
		{2DBD5996-521B-4BD2-9ECF-35C5B9BC1A59}.Ad-Hoc|iPhone.Build.0 = Release|Any CPU
		{2DBD5996-521B-4BD2-9ECF-35C5B9BC1A59}.Ad-Hoc|iPhoneSimulator.ActiveCfg = Release|Any CPU
		{2DBD5996-521B-4BD2-9ECF-35C5B9BC1A59}.Ad-Hoc|iPhoneSimulator.Build.0 = Release|Any CPU
		{2DBD5996-521B-4BD2-9ECF-35C5B9BC1A59}.Ad-Hoc|x64.ActiveCfg = Release|Any CPU
		{2DBD5996-521B-4BD2-9ECF-35C5B9BC1A59}.Ad-Hoc|x64.Build.0 = Release|Any CPU
		{2DBD5996-521B-4BD2-9ECF-35C5B9BC1A59}.Ad-Hoc|x86.ActiveCfg = Release|Any CPU
		{2DBD5996-521B-4BD2-9ECF-35C5B9BC1A59}.Ad-Hoc|x86.Build.0 = Release|Any CPU
		{2DBD5996-521B-4BD2-9ECF-35C5B9BC1A59}.AppStore|Any CPU.ActiveCfg = Release|Any CPU
		{2DBD5996-521B-4BD2-9ECF-35C5B9BC1A59}.AppStore|Any CPU.Build.0 = Release|Any CPU
		{2DBD5996-521B-4BD2-9ECF-35C5B9BC1A59}.AppStore|ARM.ActiveCfg = Release|Any CPU
		{2DBD5996-521B-4BD2-9ECF-35C5B9BC1A59}.AppStore|ARM.Build.0 = Release|Any CPU
		{2DBD5996-521B-4BD2-9ECF-35C5B9BC1A59}.AppStore|iPhone.ActiveCfg = Release|Any CPU
		{2DBD5996-521B-4BD2-9ECF-35C5B9BC1A59}.AppStore|iPhone.Build.0 = Release|Any CPU
		{2DBD5996-521B-4BD2-9ECF-35C5B9BC1A59}.AppStore|iPhoneSimulator.ActiveCfg = Release|Any CPU
		{2DBD5996-521B-4BD2-9ECF-35C5B9BC1A59}.AppStore|iPhoneSimulator.Build.0 = Release|Any CPU
		{2DBD5996-521B-4BD2-9ECF-35C5B9BC1A59}.AppStore|x64.ActiveCfg = Release|Any CPU
		{2DBD5996-521B-4BD2-9ECF-35C5B9BC1A59}.AppStore|x64.Build.0 = Release|Any CPU
		{2DBD5996-521B-4BD2-9ECF-35C5B9BC1A59}.AppStore|x86.ActiveCfg = Release|Any CPU
		{2DBD5996-521B-4BD2-9ECF-35C5B9BC1A59}.AppStore|x86.Build.0 = Release|Any CPU
		{2DBD5996-521B-4BD2-9ECF-35C5B9BC1A59}.Debug|Any CPU.ActiveCfg = Debug|Any CPU
		{2DBD5996-521B-4BD2-9ECF-35C5B9BC1A59}.Debug|Any CPU.Build.0 = Debug|Any CPU
		{2DBD5996-521B-4BD2-9ECF-35C5B9BC1A59}.Debug|ARM.ActiveCfg = Debug|Any CPU
		{2DBD5996-521B-4BD2-9ECF-35C5B9BC1A59}.Debug|iPhone.ActiveCfg = Debug|Any CPU
		{2DBD5996-521B-4BD2-9ECF-35C5B9BC1A59}.Debug|iPhone.Build.0 = Debug|Any CPU
		{2DBD5996-521B-4BD2-9ECF-35C5B9BC1A59}.Debug|iPhoneSimulator.ActiveCfg = Debug|Any CPU
		{2DBD5996-521B-4BD2-9ECF-35C5B9BC1A59}.Debug|iPhoneSimulator.Build.0 = Debug|Any CPU
		{2DBD5996-521B-4BD2-9ECF-35C5B9BC1A59}.Debug|x64.ActiveCfg = Debug|Any CPU
		{2DBD5996-521B-4BD2-9ECF-35C5B9BC1A59}.Debug|x86.ActiveCfg = Debug|Any CPU
		{2DBD5996-521B-4BD2-9ECF-35C5B9BC1A59}.Release|Any CPU.ActiveCfg = Release|Any CPU
		{2DBD5996-521B-4BD2-9ECF-35C5B9BC1A59}.Release|Any CPU.Build.0 = Release|Any CPU
		{2DBD5996-521B-4BD2-9ECF-35C5B9BC1A59}.Release|ARM.ActiveCfg = Release|Any CPU
		{2DBD5996-521B-4BD2-9ECF-35C5B9BC1A59}.Release|iPhone.ActiveCfg = Release|Any CPU
		{2DBD5996-521B-4BD2-9ECF-35C5B9BC1A59}.Release|iPhone.Build.0 = Release|Any CPU
		{2DBD5996-521B-4BD2-9ECF-35C5B9BC1A59}.Release|iPhoneSimulator.ActiveCfg = Release|Any CPU
		{2DBD5996-521B-4BD2-9ECF-35C5B9BC1A59}.Release|iPhoneSimulator.Build.0 = Release|Any CPU
		{2DBD5996-521B-4BD2-9ECF-35C5B9BC1A59}.Release|x64.ActiveCfg = Release|Any CPU
		{2DBD5996-521B-4BD2-9ECF-35C5B9BC1A59}.Release|x86.ActiveCfg = Release|Any CPU
		{A86753C0-0D7E-442C-A507-CDE7E95BC1DB}.Ad-Hoc|Any CPU.ActiveCfg = Release|Any CPU
		{A86753C0-0D7E-442C-A507-CDE7E95BC1DB}.Ad-Hoc|Any CPU.Build.0 = Release|Any CPU
		{A86753C0-0D7E-442C-A507-CDE7E95BC1DB}.Ad-Hoc|ARM.ActiveCfg = Release|Any CPU
		{A86753C0-0D7E-442C-A507-CDE7E95BC1DB}.Ad-Hoc|ARM.Build.0 = Release|Any CPU
		{A86753C0-0D7E-442C-A507-CDE7E95BC1DB}.Ad-Hoc|iPhone.ActiveCfg = Release|Any CPU
		{A86753C0-0D7E-442C-A507-CDE7E95BC1DB}.Ad-Hoc|iPhone.Build.0 = Release|Any CPU
		{A86753C0-0D7E-442C-A507-CDE7E95BC1DB}.Ad-Hoc|iPhoneSimulator.ActiveCfg = Release|Any CPU
		{A86753C0-0D7E-442C-A507-CDE7E95BC1DB}.Ad-Hoc|iPhoneSimulator.Build.0 = Release|Any CPU
		{A86753C0-0D7E-442C-A507-CDE7E95BC1DB}.Ad-Hoc|x64.ActiveCfg = Release|Any CPU
		{A86753C0-0D7E-442C-A507-CDE7E95BC1DB}.Ad-Hoc|x64.Build.0 = Release|Any CPU
		{A86753C0-0D7E-442C-A507-CDE7E95BC1DB}.Ad-Hoc|x86.ActiveCfg = Release|Any CPU
		{A86753C0-0D7E-442C-A507-CDE7E95BC1DB}.Ad-Hoc|x86.Build.0 = Release|Any CPU
		{A86753C0-0D7E-442C-A507-CDE7E95BC1DB}.AppStore|Any CPU.ActiveCfg = Release|Any CPU
		{A86753C0-0D7E-442C-A507-CDE7E95BC1DB}.AppStore|Any CPU.Build.0 = Release|Any CPU
		{A86753C0-0D7E-442C-A507-CDE7E95BC1DB}.AppStore|ARM.ActiveCfg = Release|Any CPU
		{A86753C0-0D7E-442C-A507-CDE7E95BC1DB}.AppStore|ARM.Build.0 = Release|Any CPU
		{A86753C0-0D7E-442C-A507-CDE7E95BC1DB}.AppStore|iPhone.ActiveCfg = Release|Any CPU
		{A86753C0-0D7E-442C-A507-CDE7E95BC1DB}.AppStore|iPhone.Build.0 = Release|Any CPU
		{A86753C0-0D7E-442C-A507-CDE7E95BC1DB}.AppStore|iPhoneSimulator.ActiveCfg = Release|Any CPU
		{A86753C0-0D7E-442C-A507-CDE7E95BC1DB}.AppStore|iPhoneSimulator.Build.0 = Release|Any CPU
		{A86753C0-0D7E-442C-A507-CDE7E95BC1DB}.AppStore|x64.ActiveCfg = Release|Any CPU
		{A86753C0-0D7E-442C-A507-CDE7E95BC1DB}.AppStore|x64.Build.0 = Release|Any CPU
		{A86753C0-0D7E-442C-A507-CDE7E95BC1DB}.AppStore|x86.ActiveCfg = Release|Any CPU
		{A86753C0-0D7E-442C-A507-CDE7E95BC1DB}.AppStore|x86.Build.0 = Release|Any CPU
		{A86753C0-0D7E-442C-A507-CDE7E95BC1DB}.Debug|Any CPU.ActiveCfg = Debug|Any CPU
		{A86753C0-0D7E-442C-A507-CDE7E95BC1DB}.Debug|Any CPU.Build.0 = Debug|Any CPU
		{A86753C0-0D7E-442C-A507-CDE7E95BC1DB}.Debug|ARM.ActiveCfg = Debug|Any CPU
		{A86753C0-0D7E-442C-A507-CDE7E95BC1DB}.Debug|iPhone.ActiveCfg = Debug|Any CPU
		{A86753C0-0D7E-442C-A507-CDE7E95BC1DB}.Debug|iPhone.Build.0 = Debug|Any CPU
		{A86753C0-0D7E-442C-A507-CDE7E95BC1DB}.Debug|iPhoneSimulator.ActiveCfg = Debug|Any CPU
		{A86753C0-0D7E-442C-A507-CDE7E95BC1DB}.Debug|iPhoneSimulator.Build.0 = Debug|Any CPU
		{A86753C0-0D7E-442C-A507-CDE7E95BC1DB}.Debug|x64.ActiveCfg = Debug|Any CPU
		{A86753C0-0D7E-442C-A507-CDE7E95BC1DB}.Debug|x86.ActiveCfg = Debug|Any CPU
		{A86753C0-0D7E-442C-A507-CDE7E95BC1DB}.Release|Any CPU.ActiveCfg = Release|Any CPU
		{A86753C0-0D7E-442C-A507-CDE7E95BC1DB}.Release|Any CPU.Build.0 = Release|Any CPU
		{A86753C0-0D7E-442C-A507-CDE7E95BC1DB}.Release|ARM.ActiveCfg = Release|Any CPU
		{A86753C0-0D7E-442C-A507-CDE7E95BC1DB}.Release|iPhone.ActiveCfg = Release|Any CPU
		{A86753C0-0D7E-442C-A507-CDE7E95BC1DB}.Release|iPhone.Build.0 = Release|Any CPU
		{A86753C0-0D7E-442C-A507-CDE7E95BC1DB}.Release|iPhoneSimulator.ActiveCfg = Release|Any CPU
		{A86753C0-0D7E-442C-A507-CDE7E95BC1DB}.Release|iPhoneSimulator.Build.0 = Release|Any CPU
		{A86753C0-0D7E-442C-A507-CDE7E95BC1DB}.Release|x64.ActiveCfg = Release|Any CPU
		{A86753C0-0D7E-442C-A507-CDE7E95BC1DB}.Release|x86.ActiveCfg = Release|Any CPU
		{E8078278-E1F6-4F54-97C4-26B883995ACF}.Ad-Hoc|Any CPU.ActiveCfg = Release|Any CPU
		{E8078278-E1F6-4F54-97C4-26B883995ACF}.Ad-Hoc|Any CPU.Build.0 = Release|Any CPU
		{E8078278-E1F6-4F54-97C4-26B883995ACF}.Ad-Hoc|ARM.ActiveCfg = Release|Any CPU
		{E8078278-E1F6-4F54-97C4-26B883995ACF}.Ad-Hoc|ARM.Build.0 = Release|Any CPU
		{E8078278-E1F6-4F54-97C4-26B883995ACF}.Ad-Hoc|iPhone.ActiveCfg = Release|Any CPU
		{E8078278-E1F6-4F54-97C4-26B883995ACF}.Ad-Hoc|iPhone.Build.0 = Release|Any CPU
		{E8078278-E1F6-4F54-97C4-26B883995ACF}.Ad-Hoc|iPhoneSimulator.ActiveCfg = Release|Any CPU
		{E8078278-E1F6-4F54-97C4-26B883995ACF}.Ad-Hoc|iPhoneSimulator.Build.0 = Release|Any CPU
		{E8078278-E1F6-4F54-97C4-26B883995ACF}.Ad-Hoc|x64.ActiveCfg = Release|Any CPU
		{E8078278-E1F6-4F54-97C4-26B883995ACF}.Ad-Hoc|x64.Build.0 = Release|Any CPU
		{E8078278-E1F6-4F54-97C4-26B883995ACF}.Ad-Hoc|x86.ActiveCfg = Release|Any CPU
		{E8078278-E1F6-4F54-97C4-26B883995ACF}.Ad-Hoc|x86.Build.0 = Release|Any CPU
		{E8078278-E1F6-4F54-97C4-26B883995ACF}.AppStore|Any CPU.ActiveCfg = Release|Any CPU
		{E8078278-E1F6-4F54-97C4-26B883995ACF}.AppStore|Any CPU.Build.0 = Release|Any CPU
		{E8078278-E1F6-4F54-97C4-26B883995ACF}.AppStore|ARM.ActiveCfg = Release|Any CPU
		{E8078278-E1F6-4F54-97C4-26B883995ACF}.AppStore|ARM.Build.0 = Release|Any CPU
		{E8078278-E1F6-4F54-97C4-26B883995ACF}.AppStore|iPhone.ActiveCfg = Release|Any CPU
		{E8078278-E1F6-4F54-97C4-26B883995ACF}.AppStore|iPhone.Build.0 = Release|Any CPU
		{E8078278-E1F6-4F54-97C4-26B883995ACF}.AppStore|iPhoneSimulator.ActiveCfg = Release|Any CPU
		{E8078278-E1F6-4F54-97C4-26B883995ACF}.AppStore|iPhoneSimulator.Build.0 = Release|Any CPU
		{E8078278-E1F6-4F54-97C4-26B883995ACF}.AppStore|x64.ActiveCfg = Release|Any CPU
		{E8078278-E1F6-4F54-97C4-26B883995ACF}.AppStore|x64.Build.0 = Release|Any CPU
		{E8078278-E1F6-4F54-97C4-26B883995ACF}.AppStore|x86.ActiveCfg = Release|Any CPU
		{E8078278-E1F6-4F54-97C4-26B883995ACF}.AppStore|x86.Build.0 = Release|Any CPU
		{E8078278-E1F6-4F54-97C4-26B883995ACF}.Debug|Any CPU.ActiveCfg = Debug|Any CPU
		{E8078278-E1F6-4F54-97C4-26B883995ACF}.Debug|Any CPU.Build.0 = Debug|Any CPU
		{E8078278-E1F6-4F54-97C4-26B883995ACF}.Debug|ARM.ActiveCfg = Debug|Any CPU
		{E8078278-E1F6-4F54-97C4-26B883995ACF}.Debug|ARM.Build.0 = Debug|Any CPU
		{E8078278-E1F6-4F54-97C4-26B883995ACF}.Debug|iPhone.ActiveCfg = Debug|Any CPU
		{E8078278-E1F6-4F54-97C4-26B883995ACF}.Debug|iPhone.Build.0 = Debug|Any CPU
		{E8078278-E1F6-4F54-97C4-26B883995ACF}.Debug|iPhoneSimulator.ActiveCfg = Debug|Any CPU
		{E8078278-E1F6-4F54-97C4-26B883995ACF}.Debug|iPhoneSimulator.Build.0 = Debug|Any CPU
		{E8078278-E1F6-4F54-97C4-26B883995ACF}.Debug|x64.ActiveCfg = Debug|Any CPU
		{E8078278-E1F6-4F54-97C4-26B883995ACF}.Debug|x64.Build.0 = Debug|Any CPU
		{E8078278-E1F6-4F54-97C4-26B883995ACF}.Debug|x86.ActiveCfg = Debug|Any CPU
		{E8078278-E1F6-4F54-97C4-26B883995ACF}.Debug|x86.Build.0 = Debug|Any CPU
		{E8078278-E1F6-4F54-97C4-26B883995ACF}.Release|Any CPU.ActiveCfg = Release|Any CPU
		{E8078278-E1F6-4F54-97C4-26B883995ACF}.Release|Any CPU.Build.0 = Release|Any CPU
		{E8078278-E1F6-4F54-97C4-26B883995ACF}.Release|ARM.ActiveCfg = Release|Any CPU
		{E8078278-E1F6-4F54-97C4-26B883995ACF}.Release|ARM.Build.0 = Release|Any CPU
		{E8078278-E1F6-4F54-97C4-26B883995ACF}.Release|iPhone.ActiveCfg = Release|Any CPU
		{E8078278-E1F6-4F54-97C4-26B883995ACF}.Release|iPhone.Build.0 = Release|Any CPU
		{E8078278-E1F6-4F54-97C4-26B883995ACF}.Release|iPhoneSimulator.ActiveCfg = Release|Any CPU
		{E8078278-E1F6-4F54-97C4-26B883995ACF}.Release|iPhoneSimulator.Build.0 = Release|Any CPU
		{E8078278-E1F6-4F54-97C4-26B883995ACF}.Release|x64.ActiveCfg = Release|Any CPU
		{E8078278-E1F6-4F54-97C4-26B883995ACF}.Release|x64.Build.0 = Release|Any CPU
		{E8078278-E1F6-4F54-97C4-26B883995ACF}.Release|x86.ActiveCfg = Release|Any CPU
		{E8078278-E1F6-4F54-97C4-26B883995ACF}.Release|x86.Build.0 = Release|Any CPU
		{97E403FE-636D-4777-9036-DDEBE953671B}.Ad-Hoc|Any CPU.ActiveCfg = Release|Any CPU
		{97E403FE-636D-4777-9036-DDEBE953671B}.Ad-Hoc|Any CPU.Build.0 = Release|Any CPU
		{97E403FE-636D-4777-9036-DDEBE953671B}.Ad-Hoc|Any CPU.Deploy.0 = Release|Any CPU
		{97E403FE-636D-4777-9036-DDEBE953671B}.Ad-Hoc|ARM.ActiveCfg = Release|Any CPU
		{97E403FE-636D-4777-9036-DDEBE953671B}.Ad-Hoc|ARM.Build.0 = Release|Any CPU
		{97E403FE-636D-4777-9036-DDEBE953671B}.Ad-Hoc|ARM.Deploy.0 = Release|Any CPU
		{97E403FE-636D-4777-9036-DDEBE953671B}.Ad-Hoc|iPhone.ActiveCfg = Release|Any CPU
		{97E403FE-636D-4777-9036-DDEBE953671B}.Ad-Hoc|iPhone.Build.0 = Release|Any CPU
		{97E403FE-636D-4777-9036-DDEBE953671B}.Ad-Hoc|iPhone.Deploy.0 = Release|Any CPU
		{97E403FE-636D-4777-9036-DDEBE953671B}.Ad-Hoc|iPhoneSimulator.ActiveCfg = Release|Any CPU
		{97E403FE-636D-4777-9036-DDEBE953671B}.Ad-Hoc|iPhoneSimulator.Build.0 = Release|Any CPU
		{97E403FE-636D-4777-9036-DDEBE953671B}.Ad-Hoc|iPhoneSimulator.Deploy.0 = Release|Any CPU
		{97E403FE-636D-4777-9036-DDEBE953671B}.Ad-Hoc|x64.ActiveCfg = Release|Any CPU
		{97E403FE-636D-4777-9036-DDEBE953671B}.Ad-Hoc|x64.Build.0 = Release|Any CPU
		{97E403FE-636D-4777-9036-DDEBE953671B}.Ad-Hoc|x64.Deploy.0 = Release|Any CPU
		{97E403FE-636D-4777-9036-DDEBE953671B}.Ad-Hoc|x86.ActiveCfg = Release|Any CPU
		{97E403FE-636D-4777-9036-DDEBE953671B}.Ad-Hoc|x86.Build.0 = Release|Any CPU
		{97E403FE-636D-4777-9036-DDEBE953671B}.Ad-Hoc|x86.Deploy.0 = Release|Any CPU
		{97E403FE-636D-4777-9036-DDEBE953671B}.AppStore|Any CPU.ActiveCfg = Release|Any CPU
		{97E403FE-636D-4777-9036-DDEBE953671B}.AppStore|Any CPU.Build.0 = Release|Any CPU
		{97E403FE-636D-4777-9036-DDEBE953671B}.AppStore|Any CPU.Deploy.0 = Release|Any CPU
		{97E403FE-636D-4777-9036-DDEBE953671B}.AppStore|ARM.ActiveCfg = Release|Any CPU
		{97E403FE-636D-4777-9036-DDEBE953671B}.AppStore|ARM.Build.0 = Release|Any CPU
		{97E403FE-636D-4777-9036-DDEBE953671B}.AppStore|ARM.Deploy.0 = Release|Any CPU
		{97E403FE-636D-4777-9036-DDEBE953671B}.AppStore|iPhone.ActiveCfg = Release|Any CPU
		{97E403FE-636D-4777-9036-DDEBE953671B}.AppStore|iPhone.Build.0 = Release|Any CPU
		{97E403FE-636D-4777-9036-DDEBE953671B}.AppStore|iPhone.Deploy.0 = Release|Any CPU
		{97E403FE-636D-4777-9036-DDEBE953671B}.AppStore|iPhoneSimulator.ActiveCfg = Release|Any CPU
		{97E403FE-636D-4777-9036-DDEBE953671B}.AppStore|iPhoneSimulator.Build.0 = Release|Any CPU
		{97E403FE-636D-4777-9036-DDEBE953671B}.AppStore|iPhoneSimulator.Deploy.0 = Release|Any CPU
		{97E403FE-636D-4777-9036-DDEBE953671B}.AppStore|x64.ActiveCfg = Release|Any CPU
		{97E403FE-636D-4777-9036-DDEBE953671B}.AppStore|x64.Build.0 = Release|Any CPU
		{97E403FE-636D-4777-9036-DDEBE953671B}.AppStore|x64.Deploy.0 = Release|Any CPU
		{97E403FE-636D-4777-9036-DDEBE953671B}.AppStore|x86.ActiveCfg = Release|Any CPU
		{97E403FE-636D-4777-9036-DDEBE953671B}.AppStore|x86.Build.0 = Release|Any CPU
		{97E403FE-636D-4777-9036-DDEBE953671B}.AppStore|x86.Deploy.0 = Release|Any CPU
		{97E403FE-636D-4777-9036-DDEBE953671B}.Debug|Any CPU.ActiveCfg = Debug|Any CPU
		{97E403FE-636D-4777-9036-DDEBE953671B}.Debug|Any CPU.Build.0 = Debug|Any CPU
		{97E403FE-636D-4777-9036-DDEBE953671B}.Debug|Any CPU.Deploy.0 = Debug|Any CPU
		{97E403FE-636D-4777-9036-DDEBE953671B}.Debug|ARM.ActiveCfg = Debug|Any CPU
		{97E403FE-636D-4777-9036-DDEBE953671B}.Debug|ARM.Build.0 = Debug|Any CPU
		{97E403FE-636D-4777-9036-DDEBE953671B}.Debug|ARM.Deploy.0 = Debug|Any CPU
		{97E403FE-636D-4777-9036-DDEBE953671B}.Debug|iPhone.ActiveCfg = Debug|Any CPU
		{97E403FE-636D-4777-9036-DDEBE953671B}.Debug|iPhone.Build.0 = Debug|Any CPU
		{97E403FE-636D-4777-9036-DDEBE953671B}.Debug|iPhone.Deploy.0 = Debug|Any CPU
		{97E403FE-636D-4777-9036-DDEBE953671B}.Debug|iPhoneSimulator.ActiveCfg = Debug|Any CPU
		{97E403FE-636D-4777-9036-DDEBE953671B}.Debug|iPhoneSimulator.Build.0 = Debug|Any CPU
		{97E403FE-636D-4777-9036-DDEBE953671B}.Debug|iPhoneSimulator.Deploy.0 = Debug|Any CPU
		{97E403FE-636D-4777-9036-DDEBE953671B}.Debug|x64.ActiveCfg = Debug|Any CPU
		{97E403FE-636D-4777-9036-DDEBE953671B}.Debug|x64.Build.0 = Debug|Any CPU
		{97E403FE-636D-4777-9036-DDEBE953671B}.Debug|x64.Deploy.0 = Debug|Any CPU
		{97E403FE-636D-4777-9036-DDEBE953671B}.Debug|x86.ActiveCfg = Debug|Any CPU
		{97E403FE-636D-4777-9036-DDEBE953671B}.Debug|x86.Build.0 = Debug|Any CPU
		{97E403FE-636D-4777-9036-DDEBE953671B}.Debug|x86.Deploy.0 = Debug|Any CPU
		{97E403FE-636D-4777-9036-DDEBE953671B}.Release|Any CPU.ActiveCfg = Release|Any CPU
		{97E403FE-636D-4777-9036-DDEBE953671B}.Release|Any CPU.Build.0 = Release|Any CPU
		{97E403FE-636D-4777-9036-DDEBE953671B}.Release|Any CPU.Deploy.0 = Release|Any CPU
		{97E403FE-636D-4777-9036-DDEBE953671B}.Release|ARM.ActiveCfg = Release|Any CPU
		{97E403FE-636D-4777-9036-DDEBE953671B}.Release|ARM.Build.0 = Release|Any CPU
		{97E403FE-636D-4777-9036-DDEBE953671B}.Release|ARM.Deploy.0 = Release|Any CPU
		{97E403FE-636D-4777-9036-DDEBE953671B}.Release|iPhone.ActiveCfg = Release|Any CPU
		{97E403FE-636D-4777-9036-DDEBE953671B}.Release|iPhone.Build.0 = Release|Any CPU
		{97E403FE-636D-4777-9036-DDEBE953671B}.Release|iPhone.Deploy.0 = Release|Any CPU
		{97E403FE-636D-4777-9036-DDEBE953671B}.Release|iPhoneSimulator.ActiveCfg = Release|Any CPU
		{97E403FE-636D-4777-9036-DDEBE953671B}.Release|iPhoneSimulator.Build.0 = Release|Any CPU
		{97E403FE-636D-4777-9036-DDEBE953671B}.Release|iPhoneSimulator.Deploy.0 = Release|Any CPU
		{97E403FE-636D-4777-9036-DDEBE953671B}.Release|x64.ActiveCfg = Release|Any CPU
		{97E403FE-636D-4777-9036-DDEBE953671B}.Release|x64.Build.0 = Release|Any CPU
		{97E403FE-636D-4777-9036-DDEBE953671B}.Release|x64.Deploy.0 = Release|Any CPU
		{97E403FE-636D-4777-9036-DDEBE953671B}.Release|x86.ActiveCfg = Release|Any CPU
		{97E403FE-636D-4777-9036-DDEBE953671B}.Release|x86.Build.0 = Release|Any CPU
		{97E403FE-636D-4777-9036-DDEBE953671B}.Release|x86.Deploy.0 = Release|Any CPU
		{4E50B3A0-8F57-4359-A575-759EEDE3E3E1}.Ad-Hoc|Any CPU.ActiveCfg = Ad-Hoc|iPhone
		{4E50B3A0-8F57-4359-A575-759EEDE3E3E1}.Ad-Hoc|ARM.ActiveCfg = Ad-Hoc|iPhone
		{4E50B3A0-8F57-4359-A575-759EEDE3E3E1}.Ad-Hoc|iPhone.ActiveCfg = Ad-Hoc|iPhone
		{4E50B3A0-8F57-4359-A575-759EEDE3E3E1}.Ad-Hoc|iPhone.Build.0 = Ad-Hoc|iPhone
		{4E50B3A0-8F57-4359-A575-759EEDE3E3E1}.Ad-Hoc|iPhoneSimulator.ActiveCfg = Ad-Hoc|iPhoneSimulator
		{4E50B3A0-8F57-4359-A575-759EEDE3E3E1}.Ad-Hoc|iPhoneSimulator.Build.0 = Ad-Hoc|iPhoneSimulator
		{4E50B3A0-8F57-4359-A575-759EEDE3E3E1}.Ad-Hoc|x64.ActiveCfg = Ad-Hoc|iPhone
		{4E50B3A0-8F57-4359-A575-759EEDE3E3E1}.Ad-Hoc|x86.ActiveCfg = Ad-Hoc|iPhone
		{4E50B3A0-8F57-4359-A575-759EEDE3E3E1}.AppStore|Any CPU.ActiveCfg = AppStore|iPhone
		{4E50B3A0-8F57-4359-A575-759EEDE3E3E1}.AppStore|ARM.ActiveCfg = AppStore|iPhone
		{4E50B3A0-8F57-4359-A575-759EEDE3E3E1}.AppStore|iPhone.ActiveCfg = AppStore|iPhone
		{4E50B3A0-8F57-4359-A575-759EEDE3E3E1}.AppStore|iPhone.Build.0 = AppStore|iPhone
		{4E50B3A0-8F57-4359-A575-759EEDE3E3E1}.AppStore|iPhoneSimulator.ActiveCfg = AppStore|iPhoneSimulator
		{4E50B3A0-8F57-4359-A575-759EEDE3E3E1}.AppStore|iPhoneSimulator.Build.0 = AppStore|iPhoneSimulator
		{4E50B3A0-8F57-4359-A575-759EEDE3E3E1}.AppStore|x64.ActiveCfg = AppStore|iPhone
		{4E50B3A0-8F57-4359-A575-759EEDE3E3E1}.AppStore|x86.ActiveCfg = AppStore|iPhone
		{4E50B3A0-8F57-4359-A575-759EEDE3E3E1}.Debug|Any CPU.ActiveCfg = Debug|iPhone
		{4E50B3A0-8F57-4359-A575-759EEDE3E3E1}.Debug|ARM.ActiveCfg = Debug|iPhone
		{4E50B3A0-8F57-4359-A575-759EEDE3E3E1}.Debug|iPhone.ActiveCfg = Debug|iPhone
		{4E50B3A0-8F57-4359-A575-759EEDE3E3E1}.Debug|iPhone.Build.0 = Debug|iPhone
		{4E50B3A0-8F57-4359-A575-759EEDE3E3E1}.Debug|iPhoneSimulator.ActiveCfg = Debug|iPhoneSimulator
		{4E50B3A0-8F57-4359-A575-759EEDE3E3E1}.Debug|iPhoneSimulator.Build.0 = Debug|iPhoneSimulator
		{4E50B3A0-8F57-4359-A575-759EEDE3E3E1}.Debug|x64.ActiveCfg = Debug|iPhone
		{4E50B3A0-8F57-4359-A575-759EEDE3E3E1}.Debug|x86.ActiveCfg = Debug|iPhone
		{4E50B3A0-8F57-4359-A575-759EEDE3E3E1}.Release|Any CPU.ActiveCfg = Release|iPhone
		{4E50B3A0-8F57-4359-A575-759EEDE3E3E1}.Release|ARM.ActiveCfg = Release|iPhone
		{4E50B3A0-8F57-4359-A575-759EEDE3E3E1}.Release|iPhone.ActiveCfg = Release|iPhone
		{4E50B3A0-8F57-4359-A575-759EEDE3E3E1}.Release|iPhone.Build.0 = Release|iPhone
		{4E50B3A0-8F57-4359-A575-759EEDE3E3E1}.Release|iPhoneSimulator.ActiveCfg = Release|iPhoneSimulator
		{4E50B3A0-8F57-4359-A575-759EEDE3E3E1}.Release|iPhoneSimulator.Build.0 = Release|iPhoneSimulator
		{4E50B3A0-8F57-4359-A575-759EEDE3E3E1}.Release|x64.ActiveCfg = Release|iPhone
		{4E50B3A0-8F57-4359-A575-759EEDE3E3E1}.Release|x86.ActiveCfg = Release|iPhone
		{D2C3B865-1EEC-4A44-B085-D63B83C5708F}.Ad-Hoc|Any CPU.ActiveCfg = Ad-Hoc|iPhone
		{D2C3B865-1EEC-4A44-B085-D63B83C5708F}.Ad-Hoc|ARM.ActiveCfg = Ad-Hoc|iPhone
		{D2C3B865-1EEC-4A44-B085-D63B83C5708F}.Ad-Hoc|iPhone.ActiveCfg = Ad-Hoc|iPhone
		{D2C3B865-1EEC-4A44-B085-D63B83C5708F}.Ad-Hoc|iPhone.Build.0 = Ad-Hoc|iPhone
		{D2C3B865-1EEC-4A44-B085-D63B83C5708F}.Ad-Hoc|iPhoneSimulator.ActiveCfg = Ad-Hoc|iPhoneSimulator
		{D2C3B865-1EEC-4A44-B085-D63B83C5708F}.Ad-Hoc|iPhoneSimulator.Build.0 = Ad-Hoc|iPhoneSimulator
		{D2C3B865-1EEC-4A44-B085-D63B83C5708F}.Ad-Hoc|x64.ActiveCfg = Ad-Hoc|iPhone
		{D2C3B865-1EEC-4A44-B085-D63B83C5708F}.Ad-Hoc|x86.ActiveCfg = Ad-Hoc|iPhone
		{D2C3B865-1EEC-4A44-B085-D63B83C5708F}.AppStore|Any CPU.ActiveCfg = AppStore|iPhone
		{D2C3B865-1EEC-4A44-B085-D63B83C5708F}.AppStore|ARM.ActiveCfg = AppStore|iPhone
		{D2C3B865-1EEC-4A44-B085-D63B83C5708F}.AppStore|iPhone.ActiveCfg = AppStore|iPhone
		{D2C3B865-1EEC-4A44-B085-D63B83C5708F}.AppStore|iPhone.Build.0 = AppStore|iPhone
		{D2C3B865-1EEC-4A44-B085-D63B83C5708F}.AppStore|iPhoneSimulator.ActiveCfg = AppStore|iPhoneSimulator
		{D2C3B865-1EEC-4A44-B085-D63B83C5708F}.AppStore|iPhoneSimulator.Build.0 = AppStore|iPhoneSimulator
		{D2C3B865-1EEC-4A44-B085-D63B83C5708F}.AppStore|x64.ActiveCfg = AppStore|iPhone
		{D2C3B865-1EEC-4A44-B085-D63B83C5708F}.AppStore|x86.ActiveCfg = AppStore|iPhone
		{D2C3B865-1EEC-4A44-B085-D63B83C5708F}.Debug|Any CPU.ActiveCfg = Debug|iPhone
		{D2C3B865-1EEC-4A44-B085-D63B83C5708F}.Debug|ARM.ActiveCfg = Debug|iPhone
		{D2C3B865-1EEC-4A44-B085-D63B83C5708F}.Debug|iPhone.ActiveCfg = Debug|iPhone
		{D2C3B865-1EEC-4A44-B085-D63B83C5708F}.Debug|iPhone.Build.0 = Debug|iPhone
		{D2C3B865-1EEC-4A44-B085-D63B83C5708F}.Debug|iPhoneSimulator.ActiveCfg = Debug|iPhoneSimulator
		{D2C3B865-1EEC-4A44-B085-D63B83C5708F}.Debug|iPhoneSimulator.Build.0 = Debug|iPhoneSimulator
		{D2C3B865-1EEC-4A44-B085-D63B83C5708F}.Debug|x64.ActiveCfg = Debug|iPhone
		{D2C3B865-1EEC-4A44-B085-D63B83C5708F}.Debug|x86.ActiveCfg = Debug|iPhone
		{D2C3B865-1EEC-4A44-B085-D63B83C5708F}.Release|Any CPU.ActiveCfg = Release|iPhone
		{D2C3B865-1EEC-4A44-B085-D63B83C5708F}.Release|ARM.ActiveCfg = Release|iPhone
		{D2C3B865-1EEC-4A44-B085-D63B83C5708F}.Release|iPhone.ActiveCfg = Release|iPhone
		{D2C3B865-1EEC-4A44-B085-D63B83C5708F}.Release|iPhone.Build.0 = Release|iPhone
		{D2C3B865-1EEC-4A44-B085-D63B83C5708F}.Release|iPhoneSimulator.ActiveCfg = Release|iPhoneSimulator
		{D2C3B865-1EEC-4A44-B085-D63B83C5708F}.Release|iPhoneSimulator.Build.0 = Release|iPhoneSimulator
		{D2C3B865-1EEC-4A44-B085-D63B83C5708F}.Release|x64.ActiveCfg = Release|iPhone
		{D2C3B865-1EEC-4A44-B085-D63B83C5708F}.Release|x86.ActiveCfg = Release|iPhone
		{FAC0CB4B-410B-4E78-AB36-5B3CBDEDC9D7}.Ad-Hoc|Any CPU.ActiveCfg = Release|Any CPU
		{FAC0CB4B-410B-4E78-AB36-5B3CBDEDC9D7}.Ad-Hoc|Any CPU.Build.0 = Release|Any CPU
		{FAC0CB4B-410B-4E78-AB36-5B3CBDEDC9D7}.Ad-Hoc|ARM.ActiveCfg = Release|Any CPU
		{FAC0CB4B-410B-4E78-AB36-5B3CBDEDC9D7}.Ad-Hoc|ARM.Build.0 = Release|Any CPU
		{FAC0CB4B-410B-4E78-AB36-5B3CBDEDC9D7}.Ad-Hoc|iPhone.ActiveCfg = Release|Any CPU
		{FAC0CB4B-410B-4E78-AB36-5B3CBDEDC9D7}.Ad-Hoc|iPhone.Build.0 = Release|Any CPU
		{FAC0CB4B-410B-4E78-AB36-5B3CBDEDC9D7}.Ad-Hoc|iPhoneSimulator.ActiveCfg = Release|Any CPU
		{FAC0CB4B-410B-4E78-AB36-5B3CBDEDC9D7}.Ad-Hoc|iPhoneSimulator.Build.0 = Release|Any CPU
		{FAC0CB4B-410B-4E78-AB36-5B3CBDEDC9D7}.Ad-Hoc|x64.ActiveCfg = Release|Any CPU
		{FAC0CB4B-410B-4E78-AB36-5B3CBDEDC9D7}.Ad-Hoc|x64.Build.0 = Release|Any CPU
		{FAC0CB4B-410B-4E78-AB36-5B3CBDEDC9D7}.Ad-Hoc|x86.ActiveCfg = Release|Any CPU
		{FAC0CB4B-410B-4E78-AB36-5B3CBDEDC9D7}.Ad-Hoc|x86.Build.0 = Release|Any CPU
		{FAC0CB4B-410B-4E78-AB36-5B3CBDEDC9D7}.AppStore|Any CPU.ActiveCfg = Release|Any CPU
		{FAC0CB4B-410B-4E78-AB36-5B3CBDEDC9D7}.AppStore|Any CPU.Build.0 = Release|Any CPU
		{FAC0CB4B-410B-4E78-AB36-5B3CBDEDC9D7}.AppStore|ARM.ActiveCfg = Release|Any CPU
		{FAC0CB4B-410B-4E78-AB36-5B3CBDEDC9D7}.AppStore|ARM.Build.0 = Release|Any CPU
		{FAC0CB4B-410B-4E78-AB36-5B3CBDEDC9D7}.AppStore|iPhone.ActiveCfg = Release|Any CPU
		{FAC0CB4B-410B-4E78-AB36-5B3CBDEDC9D7}.AppStore|iPhone.Build.0 = Release|Any CPU
		{FAC0CB4B-410B-4E78-AB36-5B3CBDEDC9D7}.AppStore|iPhoneSimulator.ActiveCfg = Release|Any CPU
		{FAC0CB4B-410B-4E78-AB36-5B3CBDEDC9D7}.AppStore|iPhoneSimulator.Build.0 = Release|Any CPU
		{FAC0CB4B-410B-4E78-AB36-5B3CBDEDC9D7}.AppStore|x64.ActiveCfg = Release|Any CPU
		{FAC0CB4B-410B-4E78-AB36-5B3CBDEDC9D7}.AppStore|x64.Build.0 = Release|Any CPU
		{FAC0CB4B-410B-4E78-AB36-5B3CBDEDC9D7}.AppStore|x86.ActiveCfg = Release|Any CPU
		{FAC0CB4B-410B-4E78-AB36-5B3CBDEDC9D7}.AppStore|x86.Build.0 = Release|Any CPU
		{FAC0CB4B-410B-4E78-AB36-5B3CBDEDC9D7}.Debug|Any CPU.ActiveCfg = Debug|Any CPU
		{FAC0CB4B-410B-4E78-AB36-5B3CBDEDC9D7}.Debug|Any CPU.Build.0 = Debug|Any CPU
		{FAC0CB4B-410B-4E78-AB36-5B3CBDEDC9D7}.Debug|ARM.ActiveCfg = Debug|Any CPU
		{FAC0CB4B-410B-4E78-AB36-5B3CBDEDC9D7}.Debug|ARM.Build.0 = Debug|Any CPU
		{FAC0CB4B-410B-4E78-AB36-5B3CBDEDC9D7}.Debug|iPhone.ActiveCfg = Debug|Any CPU
		{FAC0CB4B-410B-4E78-AB36-5B3CBDEDC9D7}.Debug|iPhone.Build.0 = Debug|Any CPU
		{FAC0CB4B-410B-4E78-AB36-5B3CBDEDC9D7}.Debug|iPhoneSimulator.ActiveCfg = Debug|Any CPU
		{FAC0CB4B-410B-4E78-AB36-5B3CBDEDC9D7}.Debug|iPhoneSimulator.Build.0 = Debug|Any CPU
		{FAC0CB4B-410B-4E78-AB36-5B3CBDEDC9D7}.Debug|x64.ActiveCfg = Debug|Any CPU
		{FAC0CB4B-410B-4E78-AB36-5B3CBDEDC9D7}.Debug|x64.Build.0 = Debug|Any CPU
		{FAC0CB4B-410B-4E78-AB36-5B3CBDEDC9D7}.Debug|x86.ActiveCfg = Debug|Any CPU
		{FAC0CB4B-410B-4E78-AB36-5B3CBDEDC9D7}.Debug|x86.Build.0 = Debug|Any CPU
		{FAC0CB4B-410B-4E78-AB36-5B3CBDEDC9D7}.Release|Any CPU.ActiveCfg = Release|Any CPU
		{FAC0CB4B-410B-4E78-AB36-5B3CBDEDC9D7}.Release|Any CPU.Build.0 = Release|Any CPU
		{FAC0CB4B-410B-4E78-AB36-5B3CBDEDC9D7}.Release|ARM.ActiveCfg = Release|Any CPU
		{FAC0CB4B-410B-4E78-AB36-5B3CBDEDC9D7}.Release|ARM.Build.0 = Release|Any CPU
		{FAC0CB4B-410B-4E78-AB36-5B3CBDEDC9D7}.Release|iPhone.ActiveCfg = Release|Any CPU
		{FAC0CB4B-410B-4E78-AB36-5B3CBDEDC9D7}.Release|iPhone.Build.0 = Release|Any CPU
		{FAC0CB4B-410B-4E78-AB36-5B3CBDEDC9D7}.Release|iPhoneSimulator.ActiveCfg = Release|Any CPU
		{FAC0CB4B-410B-4E78-AB36-5B3CBDEDC9D7}.Release|iPhoneSimulator.Build.0 = Release|Any CPU
		{FAC0CB4B-410B-4E78-AB36-5B3CBDEDC9D7}.Release|x64.ActiveCfg = Release|Any CPU
		{FAC0CB4B-410B-4E78-AB36-5B3CBDEDC9D7}.Release|x64.Build.0 = Release|Any CPU
		{FAC0CB4B-410B-4E78-AB36-5B3CBDEDC9D7}.Release|x86.ActiveCfg = Release|Any CPU
		{FAC0CB4B-410B-4E78-AB36-5B3CBDEDC9D7}.Release|x86.Build.0 = Release|Any CPU
	EndGlobalSection
	GlobalSection(SolutionProperties) = preSolution
		HideSolutionNode = FALSE
	EndGlobalSection
	GlobalSection(NestedProjects) = preSolution
		{710B61C1-E7E0-4D8F-BF39-F82086D610ED} = {D07452C1-0C0A-45C3-8A1B-33BD8FF93C5E}
		{78AB08FB-F75D-4F93-A25F-164BF90DD408} = {D07452C1-0C0A-45C3-8A1B-33BD8FF93C5E}
		{2DBD5996-521B-4BD2-9ECF-35C5B9BC1A59} = {B0203648-89A2-4875-AD9C-F5485AD3E96F}
		{E8078278-E1F6-4F54-97C4-26B883995ACF} = {B0203648-89A2-4875-AD9C-F5485AD3E96F}
	EndGlobalSection
EndGlobal
